
Microsoft Visual Studio Solution File, Format Version 12.00
# Visual Studio Version 17
VisualStudioVersion = 17.2.32526.322
MinimumVisualStudioVersion = 10.0.40219.1
Project("{FAE04EC0-301F-11D3-BF4B-00C04F79EFBC}") = "DirsAccessFromExcele", "DirsAccessFromExcele\DirsAccessFromExcele.csproj", "{3C35F3CA-DB96-46EE-83D0-742571860687}"
EndProject
Global
	GlobalSection(SolutionConfigurationPlatforms) = preSolution
		Debug|Any CPU = Debug|Any CPU
		Release|Any CPU = Release|Any CPU
	EndGlobalSection
	GlobalSection(ProjectConfigurationPlatforms) = postSolution
		{3C35F3CA-DB96-46EE-83D0-742571860687}.Debug|Any CPU.ActiveCfg = Debug|Any CPU
		{3C35F3CA-DB96-46EE-83D0-742571860687}.Debug|Any CPU.Build.0 = Debug|Any CPU
		{3C35F3CA-DB96-46EE-83D0-742571860687}.Release|Any CPU.ActiveCfg = Release|Any CPU
		{3C35F3CA-DB96-46EE-83D0-742571860687}.Release|Any CPU.Build.0 = Release|Any CPU
	EndGlobalSection
	GlobalSection(SolutionProperties) = preSolution
		HideSolutionNode = FALSE
	EndGlobalSection
	GlobalSection(ExtensibilityGlobals) = postSolution
		SolutionGuid = {3995DC88-D749-413F-90BE-12D1C819EEA9}
	EndGlobalSection
EndGlobal
